
Microsoft Visual Studio Solution File, Format Version 12.00
# Visual Studio Version 17
VisualStudioVersion = 17.0.31903.59
MinimumVisualStudioVersion = 10.0.40219.1
Project("{2150E333-8FDC-42A3-9474-1A3956D46DE8}") = "Post", "Post", "{273EDF1B-793C-4316-BAA5-6D3FB015FBB4}"
EndProject
Project("{FAE04EC0-301F-11D3-BF4B-00C04F79EFBC}") = "PostService.API", "Post\PostService.API\PostService.API.csproj", "{8E58AF61-50C8-42E5-BB12-46B935D2A319}"
EndProject
Project("{FAE04EC0-301F-11D3-BF4B-00C04F79EFBC}") = "PostService.Application", "Post\PostService.Application\PostService.Application.csproj", "{CAA4AA4E-1700-4087-B3B0-56B0EC74A92A}"
EndProject
Project("{FAE04EC0-301F-11D3-BF4B-00C04F79EFBC}") = "PostService.Domain", "Post\PostService.Domain\PostService.Domain.csproj", "{CE99ADBF-677B-41D1-994B-E67E3A7C4CBD}"
EndProject
Project("{FAE04EC0-301F-11D3-BF4B-00C04F79EFBC}") = "PostService.Infrastructure", "Post\PostService.Infrastructure\PostService.Infrastructure.csproj", "{2E08C6C0-6C3E-4ADC-98F8-0BF7E8364E66}"
EndProject
Project("{2150E333-8FDC-42A3-9474-1A3956D46DE8}") = "Shared", "Shared", "{A6A6EF0A-C184-48C5-83FC-D20B4CD50E7A}"
EndProject
Project("{FAE04EC0-301F-11D3-BF4B-00C04F79EFBC}") = "Messaging.Contract", "Shared\Messaging.Contract\Messaging.Contract.csproj", "{F3305DCE-1C8A-4E55-AAFF-EC8F5FD06677}"
EndProject
Project("{FAE04EC0-301F-11D3-BF4B-00C04F79EFBC}") = "Weblog.Shared", "Shared\Weblog.Shared\Weblog.Shared.csproj", "{91E56317-981C-4CC1-B84A-8E6FF066192D}"
EndProject
Project("{2150E333-8FDC-42A3-9474-1A3956D46DE8}") = "CMS", "CMS", "{F1464518-E598-4494-8BA9-3CC1C8433C70}"
EndProject
Project("{FAE04EC0-301F-11D3-BF4B-00C04F79EFBC}") = "CMSService.API", "CMS\CMSService.API\CMSService.API.csproj", "{C16495C0-1EF1-4060-B06E-FA7267E4C293}"
EndProject
Project("{FAE04EC0-301F-11D3-BF4B-00C04F79EFBC}") = "CMSService.Application", "CMS\CMSService.Application\CMSService.Application.csproj", "{B84F40D3-C6DE-42F4-B504-FB9BE3F04E16}"
EndProject
Project("{FAE04EC0-301F-11D3-BF4B-00C04F79EFBC}") = "CMSService.Domain", "CMS\CMSService.Domain\CMSService.Domain.csproj", "{A607F23C-B17C-478B-9C2C-08E8D39BEB3F}"
EndProject
Project("{FAE04EC0-301F-11D3-BF4B-00C04F79EFBC}") = "CMSService.Infrastructure", "CMS\CMSService.Infrastructure\CMSService.Infrastructure.csproj", "{12425775-F698-4DE8-900B-B00E200FA18C}"
EndProject
Project("{2150E333-8FDC-42A3-9474-1A3956D46DE8}") = "User", "User", "{7BE0E1B3-088B-41EF-930B-A8AAA1D250D2}"
EndProject
Project("{FAE04EC0-301F-11D3-BF4B-00C04F79EFBC}") = "UserService.Application", "User\UserService.Application\UserService.Application.csproj", "{D687CA94-1162-4A21-A077-DD20AFB3B053}"
EndProject
Project("{FAE04EC0-301F-11D3-BF4B-00C04F79EFBC}") = "UserService.Domain", "User\UserService.Domain\UserService.Domain.csproj", "{188D334A-FA12-43F4-A24B-9F3576E53367}"
EndProject
Project("{FAE04EC0-301F-11D3-BF4B-00C04F79EFBC}") = "UserService.Infrastructure", "User\UserService.Infrastructure\UserService.Infrastructure.csproj", "{365FEC65-3814-4090-B95C-97E843CDD621}"
EndProject
Project("{2150E333-8FDC-42A3-9474-1A3956D46DE8}") = "Solution Items", "Solution Items", "{F66CFDFC-8FB9-4C19-8BD4-56EB98BEAC11}"
	ProjectSection(SolutionItems) = preProject
		docker-compose.yml = docker-compose.yml
	EndProjectSection
EndProject
Project("{FAE04EC0-301F-11D3-BF4B-00C04F79EFBC}") = "UserService.APi", "User\UserService.APi\UserService.APi.csproj", "{ED35D5A6-5165-4FF1-9E36-7325778064FD}"
EndProject
Global
	GlobalSection(SolutionConfigurationPlatforms) = preSolution
		Debug|Any CPU = Debug|Any CPU
		Release|Any CPU = Release|Any CPU
	EndGlobalSection
	GlobalSection(SolutionProperties) = preSolution
		HideSolutionNode = FALSE
	EndGlobalSection
	GlobalSection(ProjectConfigurationPlatforms) = postSolution
		{8E58AF61-50C8-42E5-BB12-46B935D2A319}.Debug|Any CPU.ActiveCfg = Debug|Any CPU
		{8E58AF61-50C8-42E5-BB12-46B935D2A319}.Debug|Any CPU.Build.0 = Debug|Any CPU
		{8E58AF61-50C8-42E5-BB12-46B935D2A319}.Release|Any CPU.ActiveCfg = Release|Any CPU
		{8E58AF61-50C8-42E5-BB12-46B935D2A319}.Release|Any CPU.Build.0 = Release|Any CPU
		{CAA4AA4E-1700-4087-B3B0-56B0EC74A92A}.Debug|Any CPU.ActiveCfg = Debug|Any CPU
		{CAA4AA4E-1700-4087-B3B0-56B0EC74A92A}.Debug|Any CPU.Build.0 = Debug|Any CPU
		{CAA4AA4E-1700-4087-B3B0-56B0EC74A92A}.Release|Any CPU.ActiveCfg = Release|Any CPU
		{CAA4AA4E-1700-4087-B3B0-56B0EC74A92A}.Release|Any CPU.Build.0 = Release|Any CPU
		{CE99ADBF-677B-41D1-994B-E67E3A7C4CBD}.Debug|Any CPU.ActiveCfg = Debug|Any CPU
		{CE99ADBF-677B-41D1-994B-E67E3A7C4CBD}.Debug|Any CPU.Build.0 = Debug|Any CPU
		{CE99ADBF-677B-41D1-994B-E67E3A7C4CBD}.Release|Any CPU.ActiveCfg = Release|Any CPU
		{CE99ADBF-677B-41D1-994B-E67E3A7C4CBD}.Release|Any CPU.Build.0 = Release|Any CPU
		{2E08C6C0-6C3E-4ADC-98F8-0BF7E8364E66}.Debug|Any CPU.ActiveCfg = Debug|Any CPU
		{2E08C6C0-6C3E-4ADC-98F8-0BF7E8364E66}.Debug|Any CPU.Build.0 = Debug|Any CPU
		{2E08C6C0-6C3E-4ADC-98F8-0BF7E8364E66}.Release|Any CPU.ActiveCfg = Release|Any CPU
		{2E08C6C0-6C3E-4ADC-98F8-0BF7E8364E66}.Release|Any CPU.Build.0 = Release|Any CPU
		{F3305DCE-1C8A-4E55-AAFF-EC8F5FD06677}.Debug|Any CPU.ActiveCfg = Debug|Any CPU
		{F3305DCE-1C8A-4E55-AAFF-EC8F5FD06677}.Debug|Any CPU.Build.0 = Debug|Any CPU
		{F3305DCE-1C8A-4E55-AAFF-EC8F5FD06677}.Release|Any CPU.ActiveCfg = Release|Any CPU
		{F3305DCE-1C8A-4E55-AAFF-EC8F5FD06677}.Release|Any CPU.Build.0 = Release|Any CPU
		{91E56317-981C-4CC1-B84A-8E6FF066192D}.Debug|Any CPU.ActiveCfg = Debug|Any CPU
		{91E56317-981C-4CC1-B84A-8E6FF066192D}.Debug|Any CPU.Build.0 = Debug|Any CPU
		{91E56317-981C-4CC1-B84A-8E6FF066192D}.Release|Any CPU.ActiveCfg = Release|Any CPU
		{91E56317-981C-4CC1-B84A-8E6FF066192D}.Release|Any CPU.Build.0 = Release|Any CPU
		{C16495C0-1EF1-4060-B06E-FA7267E4C293}.Debug|Any CPU.ActiveCfg = Debug|Any CPU
		{C16495C0-1EF1-4060-B06E-FA7267E4C293}.Debug|Any CPU.Build.0 = Debug|Any CPU
		{C16495C0-1EF1-4060-B06E-FA7267E4C293}.Release|Any CPU.ActiveCfg = Release|Any CPU
		{C16495C0-1EF1-4060-B06E-FA7267E4C293}.Release|Any CPU.Build.0 = Release|Any CPU
		{B84F40D3-C6DE-42F4-B504-FB9BE3F04E16}.Debug|Any CPU.ActiveCfg = Debug|Any CPU
		{B84F40D3-C6DE-42F4-B504-FB9BE3F04E16}.Debug|Any CPU.Build.0 = Debug|Any CPU
		{B84F40D3-C6DE-42F4-B504-FB9BE3F04E16}.Release|Any CPU.ActiveCfg = Release|Any CPU
		{B84F40D3-C6DE-42F4-B504-FB9BE3F04E16}.Release|Any CPU.Build.0 = Release|Any CPU
		{A607F23C-B17C-478B-9C2C-08E8D39BEB3F}.Debug|Any CPU.ActiveCfg = Debug|Any CPU
		{A607F23C-B17C-478B-9C2C-08E8D39BEB3F}.Debug|Any CPU.Build.0 = Debug|Any CPU
		{A607F23C-B17C-478B-9C2C-08E8D39BEB3F}.Release|Any CPU.ActiveCfg = Release|Any CPU
		{A607F23C-B17C-478B-9C2C-08E8D39BEB3F}.Release|Any CPU.Build.0 = Release|Any CPU
		{12425775-F698-4DE8-900B-B00E200FA18C}.Debug|Any CPU.ActiveCfg = Debug|Any CPU
		{12425775-F698-4DE8-900B-B00E200FA18C}.Debug|Any CPU.Build.0 = Debug|Any CPU
		{12425775-F698-4DE8-900B-B00E200FA18C}.Release|Any CPU.ActiveCfg = Release|Any CPU
		{12425775-F698-4DE8-900B-B00E200FA18C}.Release|Any CPU.Build.0 = Release|Any CPU
		{D687CA94-1162-4A21-A077-DD20AFB3B053}.Debug|Any CPU.ActiveCfg = Debug|Any CPU
		{D687CA94-1162-4A21-A077-DD20AFB3B053}.Debug|Any CPU.Build.0 = Debug|Any CPU
		{D687CA94-1162-4A21-A077-DD20AFB3B053}.Release|Any CPU.ActiveCfg = Release|Any CPU
		{D687CA94-1162-4A21-A077-DD20AFB3B053}.Release|Any CPU.Build.0 = Release|Any CPU
		{188D334A-FA12-43F4-A24B-9F3576E53367}.Debug|Any CPU.ActiveCfg = Debug|Any CPU
		{188D334A-FA12-43F4-A24B-9F3576E53367}.Debug|Any CPU.Build.0 = Debug|Any CPU
		{188D334A-FA12-43F4-A24B-9F3576E53367}.Release|Any CPU.ActiveCfg = Release|Any CPU
		{188D334A-FA12-43F4-A24B-9F3576E53367}.Release|Any CPU.Build.0 = Release|Any CPU
		{365FEC65-3814-4090-B95C-97E843CDD621}.Debug|Any CPU.ActiveCfg = Debug|Any CPU
		{365FEC65-3814-4090-B95C-97E843CDD621}.Debug|Any CPU.Build.0 = Debug|Any CPU
		{365FEC65-3814-4090-B95C-97E843CDD621}.Release|Any CPU.ActiveCfg = Release|Any CPU
		{365FEC65-3814-4090-B95C-97E843CDD621}.Release|Any CPU.Build.0 = Release|Any CPU
		{ED35D5A6-5165-4FF1-9E36-7325778064FD}.Debug|Any CPU.ActiveCfg = Debug|Any CPU
		{ED35D5A6-5165-4FF1-9E36-7325778064FD}.Debug|Any CPU.Build.0 = Debug|Any CPU
		{ED35D5A6-5165-4FF1-9E36-7325778064FD}.Release|Any CPU.ActiveCfg = Release|Any CPU
		{ED35D5A6-5165-4FF1-9E36-7325778064FD}.Release|Any CPU.Build.0 = Release|Any CPU
	EndGlobalSection
	GlobalSection(NestedProjects) = preSolution
		{91E56317-981C-4CC1-B84A-8E6FF066192D} = {A6A6EF0A-C184-48C5-83FC-D20B4CD50E7A}
		{F3305DCE-1C8A-4E55-AAFF-EC8F5FD06677} = {A6A6EF0A-C184-48C5-83FC-D20B4CD50E7A}
		{8E58AF61-50C8-42E5-BB12-46B935D2A319} = {273EDF1B-793C-4316-BAA5-6D3FB015FBB4}
		{CAA4AA4E-1700-4087-B3B0-56B0EC74A92A} = {273EDF1B-793C-4316-BAA5-6D3FB015FBB4}
		{CE99ADBF-677B-41D1-994B-E67E3A7C4CBD} = {273EDF1B-793C-4316-BAA5-6D3FB015FBB4}
		{2E08C6C0-6C3E-4ADC-98F8-0BF7E8364E66} = {273EDF1B-793C-4316-BAA5-6D3FB015FBB4}
		{C16495C0-1EF1-4060-B06E-FA7267E4C293} = {F1464518-E598-4494-8BA9-3CC1C8433C70}
		{B84F40D3-C6DE-42F4-B504-FB9BE3F04E16} = {F1464518-E598-4494-8BA9-3CC1C8433C70}
		{A607F23C-B17C-478B-9C2C-08E8D39BEB3F} = {F1464518-E598-4494-8BA9-3CC1C8433C70}
		{12425775-F698-4DE8-900B-B00E200FA18C} = {F1464518-E598-4494-8BA9-3CC1C8433C70}
		{D687CA94-1162-4A21-A077-DD20AFB3B053} = {7BE0E1B3-088B-41EF-930B-A8AAA1D250D2}
		{188D334A-FA12-43F4-A24B-9F3576E53367} = {7BE0E1B3-088B-41EF-930B-A8AAA1D250D2}
		{365FEC65-3814-4090-B95C-97E843CDD621} = {7BE0E1B3-088B-41EF-930B-A8AAA1D250D2}
		{ED35D5A6-5165-4FF1-9E36-7325778064FD} = {7BE0E1B3-088B-41EF-930B-A8AAA1D250D2}
	EndGlobalSection
EndGlobal
